
Microsoft Visual Studio Solution File, Format Version 12.00
# Visual Studio 15
Project("{FAE04EC0-301F-11D3-BF4B-00C04F79EFBC}") = "BestHTTP", "BestHTTP.csproj", "{F90E9239-B058-91D8-5FC3-0A6BE5C0571F}"
EndProject
Project("{FAE04EC0-301F-11D3-BF4B-00C04F79EFBC}") = "QFramework.CoreKit", "QFramework.CoreKit.csproj", "{37D459A2-FEDD-F5F7-95E2-E1B3A01CE41D}"
EndProject
Project("{FAE04EC0-301F-11D3-BF4B-00C04F79EFBC}") = "Assembly-CSharp", "Assembly-CSharp.csproj", "{BF627C46-3809-9DB2-2E3A-4EB5118A649D}"
EndProject
Project("{FAE04EC0-301F-11D3-BF4B-00C04F79EFBC}") = "UIKit", "UIKit.csproj", "{6AE18E26-A9E9-E5E5-D9E3-01495FA242FA}"
EndProject
Project("{FAE04EC0-301F-11D3-BF4B-00C04F79EFBC}") = "ResKit", "ResKit.csproj", "{9B0795E6-706F-B124-D27E-E06555EE7D8E}"
EndProject
Project("{FAE04EC0-301F-11D3-BF4B-00C04F79EFBC}") = "AudioKit", "AudioKit.csproj", "{839321A3-FFE2-67B8-796C-B64D4904E8DF}"
EndProject
Project("{FAE04EC0-301F-11D3-BF4B-00C04F79EFBC}") = "QFramework", "QFramework.csproj", "{D0DD2098-F0F4-D884-CE32-9CAC5E53AD21}"
EndProject
Project("{FAE04EC0-301F-11D3-BF4B-00C04F79EFBC}") = "UIKit.Editor", "UIKit.Editor.csproj", "{6EBCF7D1-9729-2295-375A-8C0BF6A309E3}"
EndProject
Project("{FAE04EC0-301F-11D3-BF4B-00C04F79EFBC}") = "ResKit.Editor", "ResKit.Editor.csproj", "{F9BC2D80-22FA-CFC6-320D-65CCA373C847}"
EndProject
Project("{FAE04EC0-301F-11D3-BF4B-00C04F79EFBC}") = "Unity.AssetBundleBrowser.Editor", "Unity.AssetBundleBrowser.Editor.csproj", "{626DB2EA-45A1-52A8-CEA9-E8787A975BE3}"
EndProject
Project("{FAE04EC0-301F-11D3-BF4B-00C04F79EFBC}") = "Assembly-CSharp-Editor", "Assembly-CSharp-Editor.csproj", "{1A98DCEF-A331-7697-35F0-905708E5B14B}"
EndProject
Global
	GlobalSection(SolutionConfigurationPlatforms) = preSolution
		Debug|Any CPU = Debug|Any CPU
		Release|Any CPU = Release|Any CPU
	EndGlobalSection
	GlobalSection(ProjectConfigurationPlatforms) = postSolution
		{F90E9239-B058-91D8-5FC3-0A6BE5C0571F}.Debug|Any CPU.ActiveCfg = Debug|Any CPU
		{F90E9239-B058-91D8-5FC3-0A6BE5C0571F}.Debug|Any CPU.Build.0 = Debug|Any CPU
		{F90E9239-B058-91D8-5FC3-0A6BE5C0571F}.Release|Any CPU.ActiveCfg = Release|Any CPU
		{F90E9239-B058-91D8-5FC3-0A6BE5C0571F}.Release|Any CPU.Build.0 = Release|Any CPU
		{37D459A2-FEDD-F5F7-95E2-E1B3A01CE41D}.Debug|Any CPU.ActiveCfg = Debug|Any CPU
		{37D459A2-FEDD-F5F7-95E2-E1B3A01CE41D}.Debug|Any CPU.Build.0 = Debug|Any CPU
		{37D459A2-FEDD-F5F7-95E2-E1B3A01CE41D}.Release|Any CPU.ActiveCfg = Release|Any CPU
		{37D459A2-FEDD-F5F7-95E2-E1B3A01CE41D}.Release|Any CPU.Build.0 = Release|Any CPU
		{BF627C46-3809-9DB2-2E3A-4EB5118A649D}.Debug|Any CPU.ActiveCfg = Debug|Any CPU
		{BF627C46-3809-9DB2-2E3A-4EB5118A649D}.Debug|Any CPU.Build.0 = Debug|Any CPU
		{BF627C46-3809-9DB2-2E3A-4EB5118A649D}.Release|Any CPU.ActiveCfg = Release|Any CPU
		{BF627C46-3809-9DB2-2E3A-4EB5118A649D}.Release|Any CPU.Build.0 = Release|Any CPU
		{6AE18E26-A9E9-E5E5-D9E3-01495FA242FA}.Debug|Any CPU.ActiveCfg = Debug|Any CPU
		{6AE18E26-A9E9-E5E5-D9E3-01495FA242FA}.Debug|Any CPU.Build.0 = Debug|Any CPU
		{6AE18E26-A9E9-E5E5-D9E3-01495FA242FA}.Release|Any CPU.ActiveCfg = Release|Any CPU
		{6AE18E26-A9E9-E5E5-D9E3-01495FA242FA}.Release|Any CPU.Build.0 = Release|Any CPU
		{9B0795E6-706F-B124-D27E-E06555EE7D8E}.Debug|Any CPU.ActiveCfg = Debug|Any CPU
		{9B0795E6-706F-B124-D27E-E06555EE7D8E}.Debug|Any CPU.Build.0 = Debug|Any CPU
		{9B0795E6-706F-B124-D27E-E06555EE7D8E}.Release|Any CPU.ActiveCfg = Release|Any CPU
		{9B0795E6-706F-B124-D27E-E06555EE7D8E}.Release|Any CPU.Build.0 = Release|Any CPU
		{839321A3-FFE2-67B8-796C-B64D4904E8DF}.Debug|Any CPU.ActiveCfg = Debug|Any CPU
		{839321A3-FFE2-67B8-796C-B64D4904E8DF}.Debug|Any CPU.Build.0 = Debug|Any CPU
		{839321A3-FFE2-67B8-796C-B64D4904E8DF}.Release|Any CPU.ActiveCfg = Release|Any CPU
		{839321A3-FFE2-67B8-796C-B64D4904E8DF}.Release|Any CPU.Build.0 = Release|Any CPU
		{D0DD2098-F0F4-D884-CE32-9CAC5E53AD21}.Debug|Any CPU.ActiveCfg = Debug|Any CPU
		{D0DD2098-F0F4-D884-CE32-9CAC5E53AD21}.Debug|Any CPU.Build.0 = Debug|Any CPU
		{D0DD2098-F0F4-D884-CE32-9CAC5E53AD21}.Release|Any CPU.ActiveCfg = Release|Any CPU
		{D0DD2098-F0F4-D884-CE32-9CAC5E53AD21}.Release|Any CPU.Build.0 = Release|Any CPU
		{6EBCF7D1-9729-2295-375A-8C0BF6A309E3}.Debug|Any CPU.ActiveCfg = Debug|Any CPU
		{6EBCF7D1-9729-2295-375A-8C0BF6A309E3}.Debug|Any CPU.Build.0 = Debug|Any CPU
		{6EBCF7D1-9729-2295-375A-8C0BF6A309E3}.Release|Any CPU.ActiveCfg = Release|Any CPU
		{6EBCF7D1-9729-2295-375A-8C0BF6A309E3}.Release|Any CPU.Build.0 = Release|Any CPU
		{F9BC2D80-22FA-CFC6-320D-65CCA373C847}.Debug|Any CPU.ActiveCfg = Debug|Any CPU
		{F9BC2D80-22FA-CFC6-320D-65CCA373C847}.Debug|Any CPU.Build.0 = Debug|Any CPU
		{F9BC2D80-22FA-CFC6-320D-65CCA373C847}.Release|Any CPU.ActiveCfg = Release|Any CPU
		{F9BC2D80-22FA-CFC6-320D-65CCA373C847}.Release|Any CPU.Build.0 = Release|Any CPU
		{626DB2EA-45A1-52A8-CEA9-E8787A975BE3}.Debug|Any CPU.ActiveCfg = Debug|Any CPU
		{626DB2EA-45A1-52A8-CEA9-E8787A975BE3}.Debug|Any CPU.Build.0 = Debug|Any CPU
		{626DB2EA-45A1-52A8-CEA9-E8787A975BE3}.Release|Any CPU.ActiveCfg = Release|Any CPU
		{626DB2EA-45A1-52A8-CEA9-E8787A975BE3}.Release|Any CPU.Build.0 = Release|Any CPU
		{1A98DCEF-A331-7697-35F0-905708E5B14B}.Debug|Any CPU.ActiveCfg = Debug|Any CPU
		{1A98DCEF-A331-7697-35F0-905708E5B14B}.Debug|Any CPU.Build.0 = Debug|Any CPU
		{1A98DCEF-A331-7697-35F0-905708E5B14B}.Release|Any CPU.ActiveCfg = Release|Any CPU
		{1A98DCEF-A331-7697-35F0-905708E5B14B}.Release|Any CPU.Build.0 = Release|Any CPU
	EndGlobalSection
	GlobalSection(SolutionProperties) = preSolution
		HideSolutionNode = FALSE
	EndGlobalSection
EndGlobal
